
Microsoft Visual Studio Solution File, Format Version 12.00
# Visual Studio Version 17
VisualStudioVersion = 17.1.32328.378
MinimumVisualStudioVersion = 10.0.40219.1
Project("{9A19103F-16F7-4668-BE54-9A1E7A4F7556}") = "EP94.ThinqSharp", "EP94.ThinqSharp\EP94.ThinqSharp.csproj", "{72624E01-4B9E-4DE4-9E20-8C7108EE782B}"
EndProject
Project("{9A19103F-16F7-4668-BE54-9A1E7A4F7556}") = "Runner", "Runner\Runner.csproj", "{06F943F1-7475-43CB-A3DA-B9CE2E58A775}"
EndProject
Project("{9A19103F-16F7-4668-BE54-9A1E7A4F7556}") = "EP94.EasyMqtt", "..\Libraries\EP94.EasyMqtt\EP94.EasyMqtt\EP94.EasyMqtt.csproj", "{B655B7E5-6A04-4721-B969-7C3A357C2C7E}"
EndProject
Global
	GlobalSection(SolutionConfigurationPlatforms) = preSolution
		Debug|Any CPU = Debug|Any CPU
		Release|Any CPU = Release|Any CPU
	EndGlobalSection
	GlobalSection(ProjectConfigurationPlatforms) = postSolution
		{72624E01-4B9E-4DE4-9E20-8C7108EE782B}.Debug|Any CPU.ActiveCfg = Debug|Any CPU
		{72624E01-4B9E-4DE4-9E20-8C7108EE782B}.Debug|Any CPU.Build.0 = Debug|Any CPU
		{72624E01-4B9E-4DE4-9E20-8C7108EE782B}.Release|Any CPU.ActiveCfg = Release|Any CPU
		{72624E01-4B9E-4DE4-9E20-8C7108EE782B}.Release|Any CPU.Build.0 = Release|Any CPU
		{06F943F1-7475-43CB-A3DA-B9CE2E58A775}.Debug|Any CPU.ActiveCfg = Debug|Any CPU
		{06F943F1-7475-43CB-A3DA-B9CE2E58A775}.Debug|Any CPU.Build.0 = Debug|Any CPU
		{06F943F1-7475-43CB-A3DA-B9CE2E58A775}.Release|Any CPU.ActiveCfg = Release|Any CPU
		{06F943F1-7475-43CB-A3DA-B9CE2E58A775}.Release|Any CPU.Build.0 = Release|Any CPU
		{B655B7E5-6A04-4721-B969-7C3A357C2C7E}.Debug|Any CPU.ActiveCfg = Debug|Any CPU
		{B655B7E5-6A04-4721-B969-7C3A357C2C7E}.Debug|Any CPU.Build.0 = Debug|Any CPU
		{B655B7E5-6A04-4721-B969-7C3A357C2C7E}.Release|Any CPU.ActiveCfg = Release|Any CPU
		{B655B7E5-6A04-4721-B969-7C3A357C2C7E}.Release|Any CPU.Build.0 = Release|Any CPU
	EndGlobalSection
	GlobalSection(SolutionProperties) = preSolution
		HideSolutionNode = FALSE
	EndGlobalSection
	GlobalSection(ExtensibilityGlobals) = postSolution
		SolutionGuid = {537AD06E-2D3A-49FC-B326-2CBFE72BC8BF}
	EndGlobalSection
EndGlobal
